
Microsoft Visual Studio Solution File, Format Version 12.00
Project("{FAE04EC0-301F-11D3-BF4B-00C04F79EFBC}") = "TDDTest", "TDDTest\TDDTest.csproj", "{427E2E3B-6B46-409E-9E63-9B4B4156BBDC}"
EndProject
Project("{FAE04EC0-301F-11D3-BF4B-00C04F79EFBC}") = "TDD", "TDD\TDD.csproj", "{B852957F-DE9B-434B-A6C5-C078000FFE0E}"
EndProject
Global
	GlobalSection(SolutionConfigurationPlatforms) = preSolution
		Debug|Any CPU = Debug|Any CPU
		Release|Any CPU = Release|Any CPU
	EndGlobalSection
	GlobalSection(ProjectConfigurationPlatforms) = postSolution
		{427E2E3B-6B46-409E-9E63-9B4B4156BBDC}.Debug|Any CPU.ActiveCfg = Debug|Any CPU
		{427E2E3B-6B46-409E-9E63-9B4B4156BBDC}.Debug|Any CPU.Build.0 = Debug|Any CPU
		{427E2E3B-6B46-409E-9E63-9B4B4156BBDC}.Release|Any CPU.ActiveCfg = Release|Any CPU
		{427E2E3B-6B46-409E-9E63-9B4B4156BBDC}.Release|Any CPU.Build.0 = Release|Any CPU
		{B852957F-DE9B-434B-A6C5-C078000FFE0E}.Debug|Any CPU.ActiveCfg = Debug|Any CPU
		{B852957F-DE9B-434B-A6C5-C078000FFE0E}.Debug|Any CPU.Build.0 = Debug|Any CPU
		{B852957F-DE9B-434B-A6C5-C078000FFE0E}.Release|Any CPU.ActiveCfg = Release|Any CPU
		{B852957F-DE9B-434B-A6C5-C078000FFE0E}.Release|Any CPU.Build.0 = Release|Any CPU
	EndGlobalSection
EndGlobal
